
Microsoft Visual Studio Solution File, Format Version 12.00
# Visual Studio 15
VisualStudioVersion = 15.0.28010.2041
MinimumVisualStudioVersion = 10.0.40219.1
Project("{FAE04EC0-301F-11D3-BF4B-00C04F79EFBC}") = "PlayerScore", "PlayerScore\PlayerScore.csproj", "{BCEEDDD0-27B3-48B4-8849-8235B112A884}"
EndProject
Global
	GlobalSection(SolutionConfigurationPlatforms) = preSolution
		Debug|Any CPU = Debug|Any CPU
		Release|Any CPU = Release|Any CPU
	EndGlobalSection
	GlobalSection(ProjectConfigurationPlatforms) = postSolution
		{BCEEDDD0-27B3-48B4-8849-8235B112A884}.Debug|Any CPU.ActiveCfg = Debug|Any CPU
		{BCEEDDD0-27B3-48B4-8849-8235B112A884}.Debug|Any CPU.Build.0 = Debug|Any CPU
		{BCEEDDD0-27B3-48B4-8849-8235B112A884}.Release|Any CPU.ActiveCfg = Release|Any CPU
		{BCEEDDD0-27B3-48B4-8849-8235B112A884}.Release|Any CPU.Build.0 = Release|Any CPU
	EndGlobalSection
	GlobalSection(SolutionProperties) = preSolution
		HideSolutionNode = FALSE
	EndGlobalSection
	GlobalSection(ExtensibilityGlobals) = postSolution
		SolutionGuid = {9696AD04-A466-49C9-BC44-D1D2D5237960}
	EndGlobalSection
EndGlobal
